# Code generated by scarb DO NOT EDIT.
version = 1

[[package]]
name = "starknet_foundry_template"
version = "0.1.0"
dependencies = [
 "openzeppelin",
 "snforge_std",
]

[[package]]
name = "openzeppelin"
version = "0.8.0"
source = "git+https://github.com/OpenZeppelin/cairo-contracts.git?tag=v0.8.0#c23e8e96de60e6e3159b1ff8591a1187269c0eb7"

[[package]]
name = "snforge_std"
version = "0.15.0"
source = "git+https://github.com/foundry-rs/starknet-foundry?tag=v0.15.0#7747a2d27b9ebfccf7de8e757d9c6a3ed31e81fc"
